{
  "originHash" : "d11b2ab941eb1a26a1ed45cea61d4b9ea17e7e05b5c209cf8d48f89e023e9ad6",
  "pins" : [
    {
      "identity" : "swift-protobuf",
      "kind" : "remoteSourceControl",
      "location" : "https://github.com/apple/swift-protobuf.git",
      "state" : {
        "revision" : "a008af1a102ff3dd6cc3764bb69bf63226d0f5f6",
        "version" : "1.36.1"
      }
    }
  ],
  "version" : 3
}
